// !$*UTF8*$!
{
	archiveVersion = 1;
	classes = {
	};
	objectVersion = 46;
	objects = {

/* Begin PBXBuildFile section */
		69A33AFD1B8FBED9006E942B /* AppDelegate.swift in Sources */ = {isa = PBXBuildFile; fileRef = 69A33AFC1B8FBED9006E942B /* AppDelegate.swift */; };
		69A33AFF1B8FBED9006E942B /* ViewController.swift in Sources */ = {isa = PBXBuildFile; fileRef = 69A33AFE1B8FBED9006E942B /* ViewController.swift */; };
		69A33B021B8FBED9006E942B /* Main.storyboard in Resources */ = {isa = PBXBuildFile; fileRef = 69A33B001B8FBED9006E942B /* Main.storyboard */; };
		69A33B041B8FBED9006E942B /* Images.xcassets in Resources */ = {isa = PBXBuildFile; fileRef = 69A33B031B8FBED9006E942B /* Images.xcassets */; };
		69A33B071B8FBED9006E942B /* LaunchScreen.xib in Resources */ = {isa = PBXBuildFile; fileRef = 69A33B051B8FBED9006E942B /* LaunchScreen.xib */; };
		69A33B131B8FBED9006E942B /* FilterSwipeTests.swift in Sources */ = {isa = PBXBuildFile; fileRef = 69A33B121B8FBED9006E942B /* FilterSwipeTests.swift */; };
		69A33B1E1B8FC9C7006E942B /* FirstViewController.swift in Sources */ = {isa = PBXBuildFile; fileRef = 69A33B1D1B8FC9C7006E942B /* FirstViewController.swift */; };
		69A33B201B8FC9DC006E942B /* SecondViewController.swift in Sources */ = {isa = PBXBuildFile; fileRef = 69A33B1F1B8FC9DC006E942B /* SecondViewController.swift */; };
		69A33B221B8FC9E9006E942B /* ThirdViewController.swift in Sources */ = {isa = PBXBuildFile; fileRef = 69A33B211B8FC9E9006E942B /* ThirdViewController.swift */; };
		69A65A441B942488002CC84E /* CameraManager.swift in Sources */ = {isa = PBXBuildFile; fileRef = 69A65A431B942488002CC84E /* CameraManager.swift */; };
		69F119031B964E5400FA8210 /* FilterViewController.swift in Sources */ = {isa = PBXBuildFile; fileRef = 69F119021B964E5400FA8210 /* FilterViewController.swift */; };
		69F119071B964EA200FA8210 /* TimeViewController.swift in Sources */ = {isa = PBXBuildFile; fileRef = 69F119061B964EA200FA8210 /* TimeViewController.swift */; };
		69F1190A1B964FB400FA8210 /* ClearFilterView.swift in Sources */ = {isa = PBXBuildFile; fileRef = 69F119091B964FB400FA8210 /* ClearFilterView.swift */; };
		69F1190C1B96500B00FA8210 /* RedFilterView.swift in Sources */ = {isa = PBXBuildFile; fileRef = 69F1190B1B96500B00FA8210 /* RedFilterView.swift */; };
		69F1190E1B96510700FA8210 /* BaseFilterView.swift in Sources */ = {isa = PBXBuildFile; fileRef = 69F1190D1B96510700FA8210 /* BaseFilterView.swift */; };
		69F119101B9671BE00FA8210 /* BlueFilterView.swift in Sources */ = {isa = PBXBuildFile; fileRef = 69F1190F1B9671BE00FA8210 /* BlueFilterView.swift */; };
/* End PBXBuildFile section */

/* Begin PBXContainerItemProxy section */
		69A33B0D1B8FBED9006E942B /* PBXContainerItemProxy */ = {
			isa = PBXContainerItemProxy;
			containerPortal = 69A33AEF1B8FBED9006E942B /* Project object */;
			proxyType = 1;
			remoteGlobalIDString = 69A33AF61B8FBED9006E942B;
			remoteInfo = FilterSwipe;
		};
/* End PBXContainerItemProxy section */

/* Begin PBXFileReference section */
		69A33AF71B8FBED9006E942B /* FilterSwipe.app */ = {isa = PBXFileReference; explicitFileType = wrapper.application; includeInIndex = 0; path = FilterSwipe.app; sourceTree = BUILT_PRODUCTS_DIR; };
		69A33AFB1B8FBED9006E942B /* Info.plist */ = {isa = PBXFileReference; lastKnownFileType = text.plist.xml; path = Info.plist; sourceTree = "<group>"; };
		69A33AFC1B8FBED9006E942B /* AppDelegate.swift */ = {isa = PBXFileReference; lastKnownFileType = sourcecode.swift; path = AppDelegate.swift; sourceTree = "<group>"; };
		69A33AFE1B8FBED9006E942B /* ViewController.swift */ = {isa = PBXFileReference; lastKnownFileType = sourcecode.swift; path = ViewController.swift; sourceTree = "<group>"; };
		69A33B011B8FBED9006E942B /* Base */ = {isa = PBXFileReference; lastKnownFileType = file.storyboard; name = Base; path = Base.lproj/Main.storyboard; sourceTree = "<group>"; };
		69A33B031B8FBED9006E942B /* Images.xcassets */ = {isa = PBXFileReference; lastKnownFileType = folder.assetcatalog; path = Images.xcassets; sourceTree = "<group>"; };
		69A33B061B8FBED9006E942B /* Base */ = {isa = PBXFileReference; lastKnownFileType = file.xib; name = Base; path = Base.lproj/LaunchScreen.xib; sourceTree = "<group>"; };
		69A33B0C1B8FBED9006E942B /* FilterSwipeTests.xctest */ = {isa = PBXFileReference; explicitFileType = wrapper.cfbundle; includeInIndex = 0; path = FilterSwipeTests.xctest; sourceTree = BUILT_PRODUCTS_DIR; };
		69A33B111B8FBED9006E942B /* Info.plist */ = {isa = PBXFileReference; lastKnownFileType = text.plist.xml; path = Info.plist; sourceTree = "<group>"; };
		69A33B121B8FBED9006E942B /* FilterSwipeTests.swift */ = {isa = PBXFileReference; lastKnownFileType = sourcecode.swift; path = FilterSwipeTests.swift; sourceTree = "<group>"; };
		69A33B1D1B8FC9C7006E942B /* FirstViewController.swift */ = {isa = PBXFileReference; fileEncoding = 4; lastKnownFileType = sourcecode.swift; path = FirstViewController.swift; sourceTree = "<group>"; };
		69A33B1F1B8FC9DC006E942B /* SecondViewController.swift */ = {isa = PBXFileReference; fileEncoding = 4; lastKnownFileType = sourcecode.swift; path = SecondViewController.swift; sourceTree = "<group>"; };
		69A33B211B8FC9E9006E942B /* ThirdViewController.swift */ = {isa = PBXFileReference; fileEncoding = 4; lastKnownFileType = sourcecode.swift; path = ThirdViewController.swift; sourceTree = "<group>"; };
		69A65A431B942488002CC84E /* CameraManager.swift */ = {isa = PBXFileReference; fileEncoding = 4; lastKnownFileType = sourcecode.swift; path = CameraManager.swift; sourceTree = "<group>"; };
		69F119021B964E5400FA8210 /* FilterViewController.swift */ = {isa = PBXFileReference; fileEncoding = 4; lastKnownFileType = sourcecode.swift; path = FilterViewController.swift; sourceTree = "<group>"; };
		69F119061B964EA200FA8210 /* TimeViewController.swift */ = {isa = PBXFileReference; fileEncoding = 4; lastKnownFileType = sourcecode.swift; path = TimeViewController.swift; sourceTree = "<group>"; };
		69F119091B964FB400FA8210 /* ClearFilterView.swift */ = {isa = PBXFileReference; fileEncoding = 4; lastKnownFileType = sourcecode.swift; path = ClearFilterView.swift; sourceTree = "<group>"; };
		69F1190B1B96500B00FA8210 /* RedFilterView.swift */ = {isa = PBXFileReference; fileEncoding = 4; lastKnownFileType = sourcecode.swift; path = RedFilterView.swift; sourceTree = "<group>"; };
		69F1190D1B96510700FA8210 /* BaseFilterView.swift */ = {isa = PBXFileReference; fileEncoding = 4; lastKnownFileType = sourcecode.swift; path = BaseFilterView.swift; sourceTree = "<group>"; };
		69F1190F1B9671BE00FA8210 /* BlueFilterView.swift */ = {isa = PBXFileReference; fileEncoding = 4; lastKnownFileType = sourcecode.swift; path = BlueFilterView.swift; sourceTree = "<group>"; };
/* End PBXFileReference section */

/* Begin PBXFrameworksBuildPhase section */
		69A33AF41B8FBED9006E942B /* Frameworks */ = {
			isa = PBXFrameworksBuildPhase;
			buildActionMask = 2147483647;
			files = (
			);
			runOnlyForDeploymentPostprocessing = 0;
		};
		69A33B091B8FBED9006E942B /* Frameworks */ = {
			isa = PBXFrameworksBuildPhase;
			buildActionMask = 2147483647;
			files = (
			);
			runOnlyForDeploymentPostprocessing = 0;
		};
/* End PBXFrameworksBuildPhase section */

/* Begin PBXGroup section */
		69A33AEE1B8FBED9006E942B = {
			isa = PBXGroup;
			children = (
				69A33AF91B8FBED9006E942B /* FilterSwipe */,
				69A33B0F1B8FBED9006E942B /* FilterSwipeTests */,
				69A33AF81B8FBED9006E942B /* Products */,
			);
			sourceTree = "<group>";
		};
		69A33AF81B8FBED9006E942B /* Products */ = {
			isa = PBXGroup;
			children = (
				69A33AF71B8FBED9006E942B /* FilterSwipe.app */,
				69A33B0C1B8FBED9006E942B /* FilterSwipeTests.xctest */,
			);
			name = Products;
			sourceTree = "<group>";
		};
		69A33AF91B8FBED9006E942B /* FilterSwipe */ = {
			isa = PBXGroup;
			children = (
				69F118FF1B964E1F00FA8210 /* Filters */,
				69A33AFC1B8FBED9006E942B /* AppDelegate.swift */,
				69A33AFE1B8FBED9006E942B /* ViewController.swift */,
				69A33B001B8FBED9006E942B /* Main.storyboard */,
				69A33B031B8FBED9006E942B /* Images.xcassets */,
				69A33B051B8FBED9006E942B /* LaunchScreen.xib */,
				69A33AFA1B8FBED9006E942B /* Supporting Files */,
				69A33B1D1B8FC9C7006E942B /* FirstViewController.swift */,
				69A33B1F1B8FC9DC006E942B /* SecondViewController.swift */,
				69A33B211B8FC9E9006E942B /* ThirdViewController.swift */,
				69A65A431B942488002CC84E /* CameraManager.swift */,
			);
			path = FilterSwipe;
			sourceTree = "<group>";
		};
		69A33AFA1B8FBED9006E942B /* Supporting Files */ = {
			isa = PBXGroup;
			children = (
				69A33AFB1B8FBED9006E942B /* Info.plist */,
			);
			name = "Supporting Files";
			sourceTree = "<group>";
		};
		69A33B0F1B8FBED9006E942B /* FilterSwipeTests */ = {
			isa = PBXGroup;
			children = (
				69A33B121B8FBED9006E942B /* FilterSwipeTests.swift */,
				69A33B101B8FBED9006E942B /* Supporting Files */,
			);
			path = FilterSwipeTests;
			sourceTree = "<group>";
		};
		69A33B101B8FBED9006E942B /* Supporting Files */ = {
			isa = PBXGroup;
			children = (
				69A33B111B8FBED9006E942B /* Info.plist */,
			);
			name = "Supporting Files";
			sourceTree = "<group>";
		};
		69F118FF1B964E1F00FA8210 /* Filters */ = {
			isa = PBXGroup;
			children = (
				69F119081B964F9000FA8210 /* FilterViews */,
				69F119021B964E5400FA8210 /* FilterViewController.swift */,
				69F119061B964EA200FA8210 /* TimeViewController.swift */,
			);
			name = Filters;
			sourceTree = "<group>";
		};
		69F119081B964F9000FA8210 /* FilterViews */ = {
			isa = PBXGroup;
			children = (
				69F119091B964FB400FA8210 /* ClearFilterView.swift */,
				69F1190B1B96500B00FA8210 /* RedFilterView.swift */,
				69F1190D1B96510700FA8210 /* BaseFilterView.swift */,
				69F1190F1B9671BE00FA8210 /* BlueFilterView.swift */,
			);
			name = FilterViews;
			sourceTree = "<group>";
		};
/* End PBXGroup section */

/* Begin PBXNativeTarget section */
		69A33AF61B8FBED9006E942B /* FilterSwipe */ = {
			isa = PBXNativeTarget;
			buildConfigurationList = 69A33B161B8FBED9006E942B /* Build configuration list for PBXNativeTarget "FilterSwipe" */;
			buildPhases = (
				69A33AF31B8FBED9006E942B /* Sources */,
				69A33AF41B8FBED9006E942B /* Frameworks */,
				69A33AF51B8FBED9006E942B /* Resources */,
			);
			buildRules = (
			);
			dependencies = (
			);
			name = FilterSwipe;
			productName = FilterSwipe;
			productReference = 69A33AF71B8FBED9006E942B /* FilterSwipe.app */;
			productType = "com.apple.product-type.application";
		};
		69A33B0B1B8FBED9006E942B /* FilterSwipeTests */ = {
			isa = PBXNativeTarget;
			buildConfigurationList = 69A33B191B8FBED9006E942B /* Build configuration list for PBXNativeTarget "FilterSwipeTests" */;
			buildPhases = (
				69A33B081B8FBED9006E942B /* Sources */,
				69A33B091B8FBED9006E942B /* Frameworks */,
				69A33B0A1B8FBED9006E942B /* Resources */,
			);
			buildRules = (
			);
			dependencies = (
				69A33B0E1B8FBED9006E942B /* PBXTargetDependency */,
			);
			name = FilterSwipeTests;
			productName = FilterSwipeTests;
			productReference = 69A33B0C1B8FBED9006E942B /* FilterSwipeTests.xctest */;
			productType = "com.apple.product-type.bundle.unit-test";
		};
/* End PBXNativeTarget section */

/* Begin PBXProject section */
		69A33AEF1B8FBED9006E942B /* Project object */ = {
			isa = PBXProject;
			attributes = {
				LastUpgradeCheck = 0640;
				ORGANIZATIONNAME = "Appsilog LLC";
				TargetAttributes = {
					69A33AF61B8FBED9006E942B = {
						CreatedOnToolsVersion = 6.4;
					};
					69A33B0B1B8FBED9006E942B = {
						CreatedOnToolsVersion = 6.4;
						TestTargetID = 69A33AF61B8FBED9006E942B;
					};
				};
			};
			buildConfigurationList = 69A33AF21B8FBED9006E942B /* Build configuration list for PBXProject "FilterSwipe" */;
			compatibilityVersion = "Xcode 3.2";
			developmentRegion = English;
			hasScannedForEncodings = 0;
			knownRegions = (
				en,
				Base,
			);
			mainGroup = 69A33AEE1B8FBED9006E942B;
			productRefGroup = 69A33AF81B8FBED9006E942B /* Products */;
			projectDirPath = "";
			projectRoot = "";
			targets = (
				69A33AF61B8FBED9006E942B /* FilterSwipe */,
				69A33B0B1B8FBED9006E942B /* FilterSwipeTests */,
			);
		};
/* End PBXProject section */

/* Begin PBXResourcesBuildPhase section */
		69A33AF51B8FBED9006E942B /* Resources */ = {
			isa = PBXResourcesBuildPhase;
			buildActionMask = 2147483647;
			files = (
				69A33B021B8FBED9006E942B /* Main.storyboard in Resources */,
				69A33B071B8FBED9006E942B /* LaunchScreen.xib in Resources */,
				69A33B041B8FBED9006E942B /* Images.xcassets in Resources */,
			);
			runOnlyForDeploymentPostprocessing = 0;
		};
		69A33B0A1B8FBED9006E942B /* Resources */ = {
			isa = PBXResourcesBuildPhase;
			buildActionMask = 2147483647;
			files = (
			);
			runOnlyForDeploymentPostprocessing = 0;
		};
/* End PBXResourcesBuildPhase section */

/* Begin PBXSourcesBuildPhase section */
		69A33AF31B8FBED9006E942B /* Sources */ = {
			isa = PBXSourcesBuildPhase;
			buildActionMask = 2147483647;
			files = (
				69F119101B9671BE00FA8210 /* BlueFilterView.swift in Sources */,
				69A33B201B8FC9DC006E942B /* SecondViewController.swift in Sources */,
				69A33B1E1B8FC9C7006E942B /* FirstViewController.swift in Sources */,
				69F1190A1B964FB400FA8210 /* ClearFilterView.swift in Sources */,
				69F119031B964E5400FA8210 /* FilterViewController.swift in Sources */,
				69F1190E1B96510700FA8210 /* BaseFilterView.swift in Sources */,
				69A33B221B8FC9E9006E942B /* ThirdViewController.swift in Sources */,
				69A33AFF1B8FBED9006E942B /* ViewController.swift in Sources */,
				69F1190C1B96500B00FA8210 /* RedFilterView.swift in Sources */,
				69A65A441B942488002CC84E /* CameraManager.swift in Sources */,
				69F119071B964EA200FA8210 /* TimeViewController.swift in Sources */,
				69A33AFD1B8FBED9006E942B /* AppDelegate.swift in Sources */,
			);
			runOnlyForDeploymentPostprocessing = 0;
		};
		69A33B081B8FBED9006E942B /* Sources */ = {
			isa = PBXSourcesBuildPhase;
			buildActionMask = 2147483647;
			files = (
				69A33B131B8FBED9006E942B /* FilterSwipeTests.swift in Sources */,
			);
			runOnlyForDeploymentPostprocessing = 0;
		};
/* End PBXSourcesBuildPhase section */

/* Begin PBXTargetDependency section */
		69A33B0E1B8FBED9006E942B /* PBXTargetDependency */ = {
			isa = PBXTargetDependency;
			target = 69A33AF61B8FBED9006E942B /* FilterSwipe */;
			targetProxy = 69A33B0D1B8FBED9006E942B /* PBXContainerItemProxy */;
		};
/* End PBXTargetDependency section */

/* Begin PBXVariantGroup section */
		69A33B001B8FBED9006E942B /* Main.storyboard */ = {
			isa = PBXVariantGroup;
			children = (
				69A33B011B8FBED9006E942B /* Base */,
			);
			name = Main.storyboard;
			sourceTree = "<group>";
		};
		69A33B051B8FBED9006E942B /* LaunchScreen.xib */ = {
			isa = PBXVariantGroup;
			children = (
				69A33B061B8FBED9006E942B /* Base */,
			);
			name = LaunchScreen.xib;
			sourceTree = "<group>";
		};
/* End PBXVariantGroup section */

/* Begin XCBuildConfiguration section */
		69A33B141B8FBED9006E942B /* Debug */ = {
			isa = XCBuildConfiguration;
			buildSettings = {
				ALWAYS_SEARCH_USER_PATHS = NO;
				CLANG_CXX_LANGUAGE_STANDARD = "gnu++0x";
				CLANG_CXX_LIBRARY = "libc++";
				CLANG_ENABLE_MODULES = YES;
				CLANG_ENABLE_OBJC_ARC = YES;
				CLANG_WARN_BOOL_CONVERSION = YES;
				CLANG_WARN_CONSTANT_CONVERSION = YES;
				CLANG_WARN_DIRECT_OBJC_ISA_USAGE = YES_ERROR;
				CLANG_WARN_EMPTY_BODY = YES;
				CLANG_WARN_ENUM_CONVERSION = YES;
				CLANG_WARN_INT_CONVERSION = YES;
				CLANG_WARN_OBJC_ROOT_CLASS = YES_ERROR;
				CLANG_WARN_UNREACHABLE_CODE = YES;
				CLANG_WARN__DUPLICATE_METHOD_MATCH = YES;
				"CODE_SIGN_IDENTITY[sdk=iphoneos*]" = "iPhone Developer";
				COPY_PHASE_STRIP = NO;
				DEBUG_INFORMATION_FORMAT = "dwarf-with-dsym";
				ENABLE_STRICT_OBJC_MSGSEND = YES;
				GCC_C_LANGUAGE_STANDARD = gnu99;
				GCC_DYNAMIC_NO_PIC = NO;
				GCC_NO_COMMON_BLOCKS = YES;
				GCC_OPTIMIZATION_LEVEL = 0;
				GCC_PREPROCESSOR_DEFINITIONS = (
					"DEBUG=1",
					"$(inherited)",
				);
				GCC_SYMBOLS_PRIVATE_EXTERN = NO;
				GCC_WARN_64_TO_32_BIT_CONVERSION = YES;
				GCC_WARN_ABOUT_RETURN_TYPE = YES_ERROR;
				GCC_WARN_UNDECLARED_SELECTOR = YES;
				GCC_WARN_UNINITIALIZED_AUTOS = YES_AGGRESSIVE;
				GCC_WARN_UNUSED_FUNCTION = YES;
				GCC_WARN_UNUSED_VARIABLE = YES;
				IPHONEOS_DEPLOYMENT_TARGET = 8.4;
				MTL_ENABLE_DEBUG_INFO = YES;
				ONLY_ACTIVE_ARCH = YES;
				SDKROOT = iphoneos;
				SWIFT_OPTIMIZATION_LEVEL = "-Onone";
				TARGETED_DEVICE_FAMILY = "1,2";
			};
			name = Debug;
		};
		69A33B151B8FBED9006E942B /* Release */ = {
			isa = XCBuildConfiguration;
			buildSettings = {
				ALWAYS_SEARCH_USER_PATHS = NO;
				CLANG_CXX_LANGUAGE_STANDARD = "gnu++0x";
				CLANG_CXX_LIBRARY = "libc++";
				CLANG_ENABLE_MODULES = YES;
				CLANG_ENABLE_OBJC_ARC = YES;
				CLANG_WARN_BOOL_CONVERSION = YES;
				CLANG_WARN_CONSTANT_CONVERSION = YES;
				CLANG_WARN_DIRECT_OBJC_ISA_USAGE = YES_ERROR;
				CLANG_WARN_EMPTY_BODY = YES;
				CLANG_WARN_ENUM_CONVERSION = YES;
				CLANG_WARN_INT_CONVERSION = YES;
				CLANG_WARN_OBJC_ROOT_CLASS = YES_ERROR;
				CLANG_WARN_UNREACHABLE_CODE = YES;
				CLANG_WARN__DUPLICATE_METHOD_MATCH = YES;
				"CODE_SIGN_IDENTITY[sdk=iphoneos*]" = "iPhone Developer";
				COPY_PHASE_STRIP = NO;
				DEBUG_INFORMATION_FORMAT = "dwarf-with-dsym";
				ENABLE_NS_ASSERTIONS = NO;
				ENABLE_STRICT_OBJC_MSGSEND = YES;
				GCC_C_LANGUAGE_STANDARD = gnu99;
				GCC_NO_COMMON_BLOCKS = YES;
				GCC_WARN_64_TO_32_BIT_CONVERSION = YES;
				GCC_WARN_ABOUT_RETURN_TYPE = YES_ERROR;
				GCC_WARN_UNDECLARED_SELECTOR = YES;
				GCC_WARN_UNINITIALIZED_AUTOS = YES_AGGRESSIVE;
				GCC_WARN_UNUSED_FUNCTION = YES;
				GCC_WARN_UNUSED_VARIABLE = YES;
				IPHONEOS_DEPLOYMENT_TARGET = 8.4;
				MTL_ENABLE_DEBUG_INFO = NO;
				SDKROOT = iphoneos;
				TARGETED_DEVICE_FAMILY = "1,2";
				VALIDATE_PRODUCT = YES;
			};
			name = Release;
		};
		69A33B171B8FBED9006E942B /* Debug */ = {
			isa = XCBuildConfiguration;
			buildSettings = {
				ASSETCATALOG_COMPILER_APPICON_NAME = AppIcon;
				INFOPLIST_FILE = FilterSwipe/Info.plist;
				IPHONEOS_DEPLOYMENT_TARGET = 8.2;
				LD_RUNPATH_SEARCH_PATHS = "$(inherited) @executable_path/Frameworks";
				PRODUCT_NAME = "$(TARGET_NAME)";
			};
			name = Debug;
		};
		69A33B181B8FBED9006E942B /* Release */ = {
			isa = XCBuildConfiguration;
			buildSettings = {
				ASSETCATALOG_COMPILER_APPICON_NAME = AppIcon;
				INFOPLIST_FILE = FilterSwipe/Info.plist;
				IPHONEOS_DEPLOYMENT_TARGET = 8.2;
				LD_RUNPATH_SEARCH_PATHS = "$(inherited) @executable_path/Frameworks";
				PRODUCT_NAME = "$(TARGET_NAME)";
			};
			name = Release;
		};
		69A33B1A1B8FBED9006E942B /* Debug */ = {
			isa = XCBuildConfiguration;
			buildSettings = {
				BUNDLE_LOADER = "$(TEST_HOST)";
				FRAMEWORK_SEARCH_PATHS = (
					"$(SDKROOT)/Developer/Library/Frameworks",
					"$(inherited)",
				);
				GCC_PREPROCESSOR_DEFINITIONS = (
					"DEBUG=1",
					"$(inherited)",
				);
				INFOPLIST_FILE = FilterSwipeTests/Info.plist;
				LD_RUNPATH_SEARCH_PATHS = "$(inherited) @executable_path/Frameworks @loader_path/Frameworks";
				PRODUCT_NAME = "$(TARGET_NAME)";
				TEST_HOST = "$(BUILT_PRODUCTS_DIR)/FilterSwipe.app/FilterSwipe";
			};
			name = Debug;
		};
		69A33B1B1B8FBED9006E942B /* Release */ = {
			isa = XCBuildConfiguration;
			buildSettings = {
				BUNDLE_LOADER = "$(TEST_HOST)";
				FRAMEWORK_SEARCH_PATHS = (
					"$(SDKROOT)/Developer/Library/Frameworks",
					"$(inherited)",
				);
				INFOPLIST_FILE = FilterSwipeTests/Info.plist;
				LD_RUNPATH_SEARCH_PATHS = "$(inherited) @executable_path/Frameworks @loader_path/Frameworks";
				PRODUCT_NAME = "$(TARGET_NAME)";
				TEST_HOST = "$(BUILT_PRODUCTS_DIR)/FilterSwipe.app/FilterSwipe";
			};
			name = Release;
		};
/* End XCBuildConfiguration section */

/* Begin XCConfigurationList section */
		69A33AF21B8FBED9006E942B /* Build configuration list for PBXProject "FilterSwipe" */ = {
			isa = XCConfigurationList;
			buildConfigurations = (
				69A33B141B8FBED9006E942B /* Debug */,
				69A33B151B8FBED9006E942B /* Release */,
			);
			defaultConfigurationIsVisible = 0;
			defaultConfigurationName = Release;
		};
		69A33B161B8FBED9006E942B /* Build configuration list for PBXNativeTarget "FilterSwipe" */ = {
			isa = XCConfigurationList;
			buildConfigurations = (
				69A33B171B8FBED9006E942B /* Debug */,
				69A33B181B8FBED9006E942B /* Release */,
			);
			defaultConfigurationIsVisible = 0;
			defaultConfigurationName = Release;
		};
		69A33B191B8FBED9006E942B /* Build configuration list for PBXNativeTarget "FilterSwipeTests" */ = {
			isa = XCConfigurationList;
			buildConfigurations = (
				69A33B1A1B8FBED9006E942B /* Debug */,
				69A33B1B1B8FBED9006E942B /* Release */,
			);
			defaultConfigurationIsVisible = 0;
			defaultConfigurationName = Release;
		};
/* End XCConfigurationList section */
	};
	rootObject = 69A33AEF1B8FBED9006E942B /* Project object */;
}
